{
  "name": "noargs-wrapper",
  "version": "1.1.0",
  "lockfileVersion": 3,
  "requires": true,
  "packages": {
    "": {
      "name": "noargs-wrapper",
      "version": "1.1.0",
      "license": "MIT",
      "dependencies": {
        "ramda.nary": "^0.26.1"
      }
    },
    "node_modules/ramda.nary": {
      "version": "0.26.1",
      "resolved": "https://registry.npmjs.org/ramda.nary/-/ramda.nary-0.26.1.tgz",
      "integrity": "sha512-kdBL1j0HqHbRy1ZAdjoZohJ1fvA6r68nKKgaVE/S+ODK9Vec7uHJ6ElJIvqvZNR2QVrG4yv43Sw7IrTUdt9jtQ==",
      "license": "MIT"
    }
  }
}
